
Microsoft Visual Studio Solution File, Format Version 12.00
# Visual Studio Version 16
VisualStudioVersion = 16.0.30309.148
MinimumVisualStudioVersion = 10.0.40219.1
Project("{9A19103F-16F7-4668-BE54-9A1E7A4F7556}") = "Sklep", "Sklep\Sklep.csproj", "{8AA90E60-6DFA-4A69-8A36-06E32420DBFD}"
EndProject
Global
	GlobalSection(SolutionConfigurationPlatforms) = preSolution
		Debug|Any CPU = Debug|Any CPU
		Release|Any CPU = Release|Any CPU
	EndGlobalSection
	GlobalSection(ProjectConfigurationPlatforms) = postSolution
		{8AA90E60-6DFA-4A69-8A36-06E32420DBFD}.Debug|Any CPU.ActiveCfg = Debug|Any CPU
		{8AA90E60-6DFA-4A69-8A36-06E32420DBFD}.Debug|Any CPU.Build.0 = Debug|Any CPU
		{8AA90E60-6DFA-4A69-8A36-06E32420DBFD}.Release|Any CPU.ActiveCfg = Release|Any CPU
		{8AA90E60-6DFA-4A69-8A36-06E32420DBFD}.Release|Any CPU.Build.0 = Release|Any CPU
	EndGlobalSection
	GlobalSection(SolutionProperties) = preSolution
		HideSolutionNode = FALSE
	EndGlobalSection
	GlobalSection(ExtensibilityGlobals) = postSolution
		SolutionGuid = {BE4F12A3-9455-4681-B6D9-F1676622CD4B}
	EndGlobalSection
EndGlobal
